// !$*UTF8*$!
{
	archiveVersion = 1;
	classes = {
	};
	objectVersion = 46;
	objects = {

/* Begin PBXBuildFile section */
		A6E5D1051C1FFD8A009806E0 /* main.m in Sources */ = {isa = PBXBuildFile; fileRef = A6E5D1041C1FFD8A009806E0 /* main.m */; };
		A6E5D1081C1FFD8A009806E0 /* AppDelegate.m in Sources */ = {isa = PBXBuildFile; fileRef = A6E5D1071C1FFD8A009806E0 /* AppDelegate.m */; };
		A6E5D10B1C1FFD8A009806E0 /* ViewController.m in Sources */ = {isa = PBXBuildFile; fileRef = A6E5D10A1C1FFD8A009806E0 /* ViewController.m */; };
		A6E5D10E1C1FFD8A009806E0 /* Main.storyboard in Resources */ = {isa = PBXBuildFile; fileRef = A6E5D10C1C1FFD8A009806E0 /* Main.storyboard */; };
		A6E5D1101C1FFD8A009806E0 /* Images.xcassets in Resources */ = {isa = PBXBuildFile; fileRef = A6E5D10F1C1FFD8A009806E0 /* Images.xcassets */; };
		A6E5D1131C1FFD8A009806E0 /* LaunchScreen.xib in Resources */ = {isa = PBXBuildFile; fileRef = A6E5D1111C1FFD8A009806E0 /* LaunchScreen.xib */; };
		A6E5D11F1C1FFD8A009806E0 /* MyManualLogTests.m in Sources */ = {isa = PBXBuildFile; fileRef = A6E5D11E1C1FFD8A009806E0 /* MyManualLogTests.m */; };
/* End PBXBuildFile section */

/* Begin PBXContainerItemProxy section */
		A6E5D1191C1FFD8A009806E0 /* PBXContainerItemProxy */ = {
			isa = PBXContainerItemProxy;
			containerPortal = A6E5D0F71C1FFD8A009806E0 /* Project object */;
			proxyType = 1;
			remoteGlobalIDString = A6E5D0FE1C1FFD8A009806E0;
			remoteInfo = MyManualLog;
		};
/* End PBXContainerItemProxy section */

/* Begin PBXFileReference section */
		A6E5D0FF1C1FFD8A009806E0 /* MyManualLog.app */ = {isa = PBXFileReference; explicitFileType = wrapper.application; includeInIndex = 0; path = MyManualLog.app; sourceTree = BUILT_PRODUCTS_DIR; };
		A6E5D1031C1FFD8A009806E0 /* Info.plist */ = {isa = PBXFileReference; lastKnownFileType = text.plist.xml; path = Info.plist; sourceTree = "<group>"; };
		A6E5D1041C1FFD8A009806E0 /* main.m */ = {isa = PBXFileReference; lastKnownFileType = sourcecode.c.objc; path = main.m; sourceTree = "<group>"; };
		A6E5D1061C1FFD8A009806E0 /* AppDelegate.h */ = {isa = PBXFileReference; lastKnownFileType = sourcecode.c.h; path = AppDelegate.h; sourceTree = "<group>"; };
		A6E5D1071C1FFD8A009806E0 /* AppDelegate.m */ = {isa = PBXFileReference; lastKnownFileType = sourcecode.c.objc; path = AppDelegate.m; sourceTree = "<group>"; };
		A6E5D1091C1FFD8A009806E0 /* ViewController.h */ = {isa = PBXFileReference; lastKnownFileType = sourcecode.c.h; path = ViewController.h; sourceTree = "<group>"; };
		A6E5D10A1C1FFD8A009806E0 /* ViewController.m */ = {isa = PBXFileReference; lastKnownFileType = sourcecode.c.objc; path = ViewController.m; sourceTree = "<group>"; };
		A6E5D10D1C1FFD8A009806E0 /* Base */ = {isa = PBXFileReference; lastKnownFileType = file.storyboard; name = Base; path = Base.lproj/Main.storyboard; sourceTree = "<group>"; };
		A6E5D10F1C1FFD8A009806E0 /* Images.xcassets */ = {isa = PBXFileReference; lastKnownFileType = folder.assetcatalog; path = Images.xcassets; sourceTree = "<group>"; };
		A6E5D1121C1FFD8A009806E0 /* Base */ = {isa = PBXFileReference; lastKnownFileType = file.xib; name = Base; path = Base.lproj/LaunchScreen.xib; sourceTree = "<group>"; };
		A6E5D1181C1FFD8A009806E0 /* MyManualLogTests.xctest */ = {isa = PBXFileReference; explicitFileType = wrapper.cfbundle; includeInIndex = 0; path = MyManualLogTests.xctest; sourceTree = BUILT_PRODUCTS_DIR; };
		A6E5D11D1C1FFD8A009806E0 /* Info.plist */ = {isa = PBXFileReference; lastKnownFileType = text.plist.xml; path = Info.plist; sourceTree = "<group>"; };
		A6E5D11E1C1FFD8A009806E0 /* MyManualLogTests.m */ = {isa = PBXFileReference; lastKnownFileType = sourcecode.c.objc; path = MyManualLogTests.m; sourceTree = "<group>"; };
/* End PBXFileReference section */

/* Begin PBXFrameworksBuildPhase section */
		A6E5D0FC1C1FFD8A009806E0 /* Frameworks */ = {
			isa = PBXFrameworksBuildPhase;
			buildActionMask = 2147483647;
			files = (
			);
			runOnlyForDeploymentPostprocessing = 0;
		};
		A6E5D1151C1FFD8A009806E0 /* Frameworks */ = {
			isa = PBXFrameworksBuildPhase;
			buildActionMask = 2147483647;
			files = (
			);
			runOnlyForDeploymentPostprocessing = 0;
		};
/* End PBXFrameworksBuildPhase section */

/* Begin PBXGroup section */
		A6E5D0F61C1FFD8A009806E0 = {
			isa = PBXGroup;
			children = (
				A6E5D1011C1FFD8A009806E0 /* MyManualLog */,
				A6E5D11B1C1FFD8A009806E0 /* MyManualLogTests */,
				A6E5D1001C1FFD8A009806E0 /* Products */,
			);
			sourceTree = "<group>";
		};
		A6E5D1001C1FFD8A009806E0 /* Products */ = {
			isa = PBXGroup;
			children = (
				A6E5D0FF1C1FFD8A009806E0 /* MyManualLog.app */,
				A6E5D1181C1FFD8A009806E0 /* MyManualLogTests.xctest */,
			);
			name = Products;
			sourceTree = "<group>";
		};
		A6E5D1011C1FFD8A009806E0 /* MyManualLog */ = {
			isa = PBXGroup;
			children = (
				A6E5D1061C1FFD8A009806E0 /* AppDelegate.h */,
				A6E5D1071C1FFD8A009806E0 /* AppDelegate.m */,
				A6E5D1091C1FFD8A009806E0 /* ViewController.h */,
				A6E5D10A1C1FFD8A009806E0 /* ViewController.m */,
				A6E5D10C1C1FFD8A009806E0 /* Main.storyboard */,
				A6E5D10F1C1FFD8A009806E0 /* Images.xcassets */,
				A6E5D1111C1FFD8A009806E0 /* LaunchScreen.xib */,
				A6E5D1021C1FFD8A009806E0 /* Supporting Files */,
			);
			path = MyManualLog;
			sourceTree = "<group>";
		};
		A6E5D1021C1FFD8A009806E0 /* Supporting Files */ = {
			isa = PBXGroup;
			children = (
				A6E5D1031C1FFD8A009806E0 /* Info.plist */,
				A6E5D1041C1FFD8A009806E0 /* main.m */,
			);
			name = "Supporting Files";
			sourceTree = "<group>";
		};
		A6E5D11B1C1FFD8A009806E0 /* MyManualLogTests */ = {
			isa = PBXGroup;
			children = (
				A6E5D11E1C1FFD8A009806E0 /* MyManualLogTests.m */,
				A6E5D11C1C1FFD8A009806E0 /* Supporting Files */,
			);
			path = MyManualLogTests;
			sourceTree = "<group>";
		};
		A6E5D11C1C1FFD8A009806E0 /* Supporting Files */ = {
			isa = PBXGroup;
			children = (
				A6E5D11D1C1FFD8A009806E0 /* Info.plist */,
			);
			name = "Supporting Files";
			sourceTree = "<group>";
		};
/* End PBXGroup section */

/* Begin PBXNativeTarget section */
		A6E5D0FE1C1FFD8A009806E0 /* MyManualLog */ = {
			isa = PBXNativeTarget;
			buildConfigurationList = A6E5D1221C1FFD8A009806E0 /* Build configuration list for PBXNativeTarget "MyManualLog" */;
			buildPhases = (
				A6E5D0FB1C1FFD8A009806E0 /* Sources */,
				A6E5D0FC1C1FFD8A009806E0 /* Frameworks */,
				A6E5D0FD1C1FFD8A009806E0 /* Resources */,
			);
			buildRules = (
			);
			dependencies = (
			);
			name = MyManualLog;
			productName = MyManualLog;
			productReference = A6E5D0FF1C1FFD8A009806E0 /* MyManualLog.app */;
			productType = "com.apple.product-type.application";
		};
		A6E5D1171C1FFD8A009806E0 /* MyManualLogTests */ = {
			isa = PBXNativeTarget;
			buildConfigurationList = A6E5D1251C1FFD8A009806E0 /* Build configuration list for PBXNativeTarget "MyManualLogTests" */;
			buildPhases = (
				A6E5D1141C1FFD8A009806E0 /* Sources */,
				A6E5D1151C1FFD8A009806E0 /* Frameworks */,
				A6E5D1161C1FFD8A009806E0 /* Resources */,
			);
			buildRules = (
			);
			dependencies = (
				A6E5D11A1C1FFD8A009806E0 /* PBXTargetDependency */,
			);
			name = MyManualLogTests;
			productName = MyManualLogTests;
			productReference = A6E5D1181C1FFD8A009806E0 /* MyManualLogTests.xctest */;
			productType = "com.apple.product-type.bundle.unit-test";
		};
/* End PBXNativeTarget section */

/* Begin PBXProject section */
		A6E5D0F71C1FFD8A009806E0 /* Project object */ = {
			isa = PBXProject;
			attributes = {
				LastUpgradeCheck = 0640;
				ORGANIZATIONNAME = codeBrew;
				TargetAttributes = {
					A6E5D0FE1C1FFD8A009806E0 = {
						CreatedOnToolsVersion = 6.4;
					};
					A6E5D1171C1FFD8A009806E0 = {
						CreatedOnToolsVersion = 6.4;
						TestTargetID = A6E5D0FE1C1FFD8A009806E0;
					};
				};
			};
			buildConfigurationList = A6E5D0FA1C1FFD8A009806E0 /* Build configuration list for PBXProject "MyManualLog" */;
			compatibilityVersion = "Xcode 3.2";
			developmentRegion = English;
			hasScannedForEncodings = 0;
			knownRegions = (
				en,
				Base,
			);
			mainGroup = A6E5D0F61C1FFD8A009806E0;
			productRefGroup = A6E5D1001C1FFD8A009806E0 /* Products */;
			projectDirPath = "";
			projectRoot = "";
			targets = (
				A6E5D0FE1C1FFD8A009806E0 /* MyManualLog */,
				A6E5D1171C1FFD8A009806E0 /* MyManualLogTests */,
			);
		};
/* End PBXProject section */

/* Begin PBXResourcesBuildPhase section */
		A6E5D0FD1C1FFD8A009806E0 /* Resources */ = {
			isa = PBXResourcesBuildPhase;
			buildActionMask = 2147483647;
			files = (
				A6E5D10E1C1FFD8A009806E0 /* Main.storyboard in Resources */,
				A6E5D1131C1FFD8A009806E0 /* LaunchScreen.xib in Resources */,
				A6E5D1101C1FFD8A009806E0 /* Images.xcassets in Resources */,
			);
			runOnlyForDeploymentPostprocessing = 0;
		};
		A6E5D1161C1FFD8A009806E0 /* Resources */ = {
			isa = PBXResourcesBuildPhase;
			buildActionMask = 2147483647;
			files = (
			);
			runOnlyForDeploymentPostprocessing = 0;
		};
/* End PBXResourcesBuildPhase section */

/* Begin PBXSourcesBuildPhase section */
		A6E5D0FB1C1FFD8A009806E0 /* Sources */ = {
			isa = PBXSourcesBuildPhase;
			buildActionMask = 2147483647;
			files = (
				A6E5D10B1C1FFD8A009806E0 /* ViewController.m in Sources */,
				A6E5D1081C1FFD8A009806E0 /* AppDelegate.m in Sources */,
				A6E5D1051C1FFD8A009806E0 /* main.m in Sources */,
			);
			runOnlyForDeploymentPostprocessing = 0;
		};
		A6E5D1141C1FFD8A009806E0 /* Sources */ = {
			isa = PBXSourcesBuildPhase;
			buildActionMask = 2147483647;
			files = (
				A6E5D11F1C1FFD8A009806E0 /* MyManualLogTests.m in Sources */,
			);
			runOnlyForDeploymentPostprocessing = 0;
		};
/* End PBXSourcesBuildPhase section */

/* Begin PBXTargetDependency section */
		A6E5D11A1C1FFD8A009806E0 /* PBXTargetDependency */ = {
			isa = PBXTargetDependency;
			target = A6E5D0FE1C1FFD8A009806E0 /* MyManualLog */;
			targetProxy = A6E5D1191C1FFD8A009806E0 /* PBXContainerItemProxy */;
		};
/* End PBXTargetDependency section */

/* Begin PBXVariantGroup section */
		A6E5D10C1C1FFD8A009806E0 /* Main.storyboard */ = {
			isa = PBXVariantGroup;
			children = (
				A6E5D10D1C1FFD8A009806E0 /* Base */,
			);
			name = Main.storyboard;
			sourceTree = "<group>";
		};
		A6E5D1111C1FFD8A009806E0 /* LaunchScreen.xib */ = {
			isa = PBXVariantGroup;
			children = (
				A6E5D1121C1FFD8A009806E0 /* Base */,
			);
			name = LaunchScreen.xib;
			sourceTree = "<group>";
		};
/* End PBXVariantGroup section */

/* Begin XCBuildConfiguration section */
		A6E5D1201C1FFD8A009806E0 /* Debug */ = {
			isa = XCBuildConfiguration;
			buildSettings = {
				ALWAYS_SEARCH_USER_PATHS = NO;
				CLANG_CXX_LANGUAGE_STANDARD = "gnu++0x";
				CLANG_CXX_LIBRARY = "libc++";
				CLANG_ENABLE_MODULES = YES;
				CLANG_ENABLE_OBJC_ARC = YES;
				CLANG_WARN_BOOL_CONVERSION = YES;
				CLANG_WARN_CONSTANT_CONVERSION = YES;
				CLANG_WARN_DIRECT_OBJC_ISA_USAGE = YES_ERROR;
				CLANG_WARN_EMPTY_BODY = YES;
				CLANG_WARN_ENUM_CONVERSION = YES;
				CLANG_WARN_INT_CONVERSION = YES;
				CLANG_WARN_OBJC_ROOT_CLASS = YES_ERROR;
				CLANG_WARN_UNREACHABLE_CODE = YES;
				CLANG_WARN__DUPLICATE_METHOD_MATCH = YES;
				"CODE_SIGN_IDENTITY[sdk=iphoneos*]" = "iPhone Developer";
				COPY_PHASE_STRIP = NO;
				DEBUG_INFORMATION_FORMAT = "dwarf-with-dsym";
				ENABLE_STRICT_OBJC_MSGSEND = YES;
				GCC_C_LANGUAGE_STANDARD = gnu99;
				GCC_DYNAMIC_NO_PIC = NO;
				GCC_NO_COMMON_BLOCKS = YES;
				GCC_OPTIMIZATION_LEVEL = 0;
				GCC_PREPROCESSOR_DEFINITIONS = (
					"DEBUG=1",
					"$(inherited)",
				);
				GCC_SYMBOLS_PRIVATE_EXTERN = NO;
				GCC_WARN_64_TO_32_BIT_CONVERSION = YES;
				GCC_WARN_ABOUT_RETURN_TYPE = YES_ERROR;
				GCC_WARN_UNDECLARED_SELECTOR = YES;
				GCC_WARN_UNINITIALIZED_AUTOS = YES_AGGRESSIVE;
				GCC_WARN_UNUSED_FUNCTION = YES;
				GCC_WARN_UNUSED_VARIABLE = YES;
				IPHONEOS_DEPLOYMENT_TARGET = 8.4;
				MTL_ENABLE_DEBUG_INFO = YES;
				ONLY_ACTIVE_ARCH = YES;
				SDKROOT = iphoneos;
			};
			name = Debug;
		};
		A6E5D1211C1FFD8A009806E0 /* Release */ = {
			isa = XCBuildConfiguration;
			buildSettings = {
				ALWAYS_SEARCH_USER_PATHS = NO;
				CLANG_CXX_LANGUAGE_STANDARD = "gnu++0x";
				CLANG_CXX_LIBRARY = "libc++";
				CLANG_ENABLE_MODULES = YES;
				CLANG_ENABLE_OBJC_ARC = YES;
				CLANG_WARN_BOOL_CONVERSION = YES;
				CLANG_WARN_CONSTANT_CONVERSION = YES;
				CLANG_WARN_DIRECT_OBJC_ISA_USAGE = YES_ERROR;
				CLANG_WARN_EMPTY_BODY = YES;
				CLANG_WARN_ENUM_CONVERSION = YES;
				CLANG_WARN_INT_CONVERSION = YES;
				CLANG_WARN_OBJC_ROOT_CLASS = YES_ERROR;
				CLANG_WARN_UNREACHABLE_CODE = YES;
				CLANG_WARN__DUPLICATE_METHOD_MATCH = YES;
				"CODE_SIGN_IDENTITY[sdk=iphoneos*]" = "iPhone Developer";
				COPY_PHASE_STRIP = NO;
				DEBUG_INFORMATION_FORMAT = "dwarf-with-dsym";
				ENABLE_NS_ASSERTIONS = NO;
				ENABLE_STRICT_OBJC_MSGSEND = YES;
				GCC_C_LANGUAGE_STANDARD = gnu99;
				GCC_NO_COMMON_BLOCKS = YES;
				GCC_WARN_64_TO_32_BIT_CONVERSION = YES;
				GCC_WARN_ABOUT_RETURN_TYPE = YES_ERROR;
				GCC_WARN_UNDECLARED_SELECTOR = YES;
				GCC_WARN_UNINITIALIZED_AUTOS = YES_AGGRESSIVE;
				GCC_WARN_UNUSED_FUNCTION = YES;
				GCC_WARN_UNUSED_VARIABLE = YES;
				IPHONEOS_DEPLOYMENT_TARGET = 8.4;
				MTL_ENABLE_DEBUG_INFO = NO;
				SDKROOT = iphoneos;
				VALIDATE_PRODUCT = YES;
			};
			name = Release;
		};
		A6E5D1231C1FFD8A009806E0 /* Debug */ = {
			isa = XCBuildConfiguration;
			buildSettings = {
				ASSETCATALOG_COMPILER_APPICON_NAME = AppIcon;
				INFOPLIST_FILE = MyManualLog/Info.plist;
				LD_RUNPATH_SEARCH_PATHS = "$(inherited) @executable_path/Frameworks";
				PRODUCT_NAME = "$(TARGET_NAME)";
			};
			name = Debug;
		};
		A6E5D1241C1FFD8A009806E0 /* Release */ = {
			isa = XCBuildConfiguration;
			buildSettings = {
				ASSETCATALOG_COMPILER_APPICON_NAME = AppIcon;
				INFOPLIST_FILE = MyManualLog/Info.plist;
				LD_RUNPATH_SEARCH_PATHS = "$(inherited) @executable_path/Frameworks";
				PRODUCT_NAME = "$(TARGET_NAME)";
			};
			name = Release;
		};
		A6E5D1261C1FFD8A009806E0 /* Debug */ = {
			isa = XCBuildConfiguration;
			buildSettings = {
				BUNDLE_LOADER = "$(TEST_HOST)";
				FRAMEWORK_SEARCH_PATHS = (
					"$(SDKROOT)/Developer/Library/Frameworks",
					"$(inherited)",
				);
				GCC_PREPROCESSOR_DEFINITIONS = (
					"DEBUG=1",
					"$(inherited)",
				);
				INFOPLIST_FILE = MyManualLogTests/Info.plist;
				LD_RUNPATH_SEARCH_PATHS = "$(inherited) @executable_path/Frameworks @loader_path/Frameworks";
				PRODUCT_NAME = "$(TARGET_NAME)";
				TEST_HOST = "$(BUILT_PRODUCTS_DIR)/MyManualLog.app/MyManualLog";
			};
			name = Debug;
		};
		A6E5D1271C1FFD8A009806E0 /* Release */ = {
			isa = XCBuildConfiguration;
			buildSettings = {
				BUNDLE_LOADER = "$(TEST_HOST)";
				FRAMEWORK_SEARCH_PATHS = (
					"$(SDKROOT)/Developer/Library/Frameworks",
					"$(inherited)",
				);
				INFOPLIST_FILE = MyManualLogTests/Info.plist;
				LD_RUNPATH_SEARCH_PATHS = "$(inherited) @executable_path/Frameworks @loader_path/Frameworks";
				PRODUCT_NAME = "$(TARGET_NAME)";
				TEST_HOST = "$(BUILT_PRODUCTS_DIR)/MyManualLog.app/MyManualLog";
			};
			name = Release;
		};
/* End XCBuildConfiguration section */

/* Begin XCConfigurationList section */
		A6E5D0FA1C1FFD8A009806E0 /* Build configuration list for PBXProject "MyManualLog" */ = {
			isa = XCConfigurationList;
			buildConfigurations = (
				A6E5D1201C1FFD8A009806E0 /* Debug */,
				A6E5D1211C1FFD8A009806E0 /* Release */,
			);
			defaultConfigurationIsVisible = 0;
			defaultConfigurationName = Release;
		};
		A6E5D1221C1FFD8A009806E0 /* Build configuration list for PBXNativeTarget "MyManualLog" */ = {
			isa = XCConfigurationList;
			buildConfigurations = (
				A6E5D1231C1FFD8A009806E0 /* Debug */,
				A6E5D1241C1FFD8A009806E0 /* Release */,
			);
			defaultConfigurationIsVisible = 0;
		};
		A6E5D1251C1FFD8A009806E0 /* Build configuration list for PBXNativeTarget "MyManualLogTests" */ = {
			isa = XCConfigurationList;
			buildConfigurations = (
				A6E5D1261C1FFD8A009806E0 /* Debug */,
				A6E5D1271C1FFD8A009806E0 /* Release */,
			);
			defaultConfigurationIsVisible = 0;
		};
/* End XCConfigurationList section */
	};
	rootObject = A6E5D0F71C1FFD8A009806E0 /* Project object */;
}
